
Microsoft Visual Studio Solution File, Format Version 12.00
# Visual Studio Version 17
VisualStudioVersion = 17.5.002.0
MinimumVisualStudioVersion = 10.0.40219.1
Project("{9A19103F-16F7-4668-BE54-9A1E7A4F7556}") = "myfirstapi", "myfirstapi.csproj", "{8E6A6565-432A-41A8-A56D-88252CD20381}"
EndProject
Global
	GlobalSection(SolutionConfigurationPlatforms) = preSolution
		Debug|Any CPU = Debug|Any CPU
		Release|Any CPU = Release|Any CPU
	EndGlobalSection
	GlobalSection(ProjectConfigurationPlatforms) = postSolution
		{8E6A6565-432A-41A8-A56D-88252CD20381}.Debug|Any CPU.ActiveCfg = Debug|Any CPU
		{8E6A6565-432A-41A8-A56D-88252CD20381}.Debug|Any CPU.Build.0 = Debug|Any CPU
		{8E6A6565-432A-41A8-A56D-88252CD20381}.Release|Any CPU.ActiveCfg = Release|Any CPU
		{8E6A6565-432A-41A8-A56D-88252CD20381}.Release|Any CPU.Build.0 = Release|Any CPU
	EndGlobalSection
	GlobalSection(SolutionProperties) = preSolution
		HideSolutionNode = FALSE
	EndGlobalSection
	GlobalSection(ExtensibilityGlobals) = postSolution
		SolutionGuid = {159FF803-05A5-436E-B944-B32AD1B2CC62}
	EndGlobalSection
EndGlobal
